// !$*UTF8*$!
{
	archiveVersion = 1;
	classes = {
	};
	objectVersion = 77;
	objects = {

/* Begin PBXContainerItemProxy section */
		CD73B5002FFA2C8B00048762 /* PBXContainerItemProxy */ = {
			isa = PBXContainerItemProxy;
			containerPortal = CD73B4E72FFA2C8700048762 /* Project object */;
			proxyType = 1;
			remoteGlobalIDString = CD73B4EE2FFA2C8800048762;
			remoteInfo = FitForm;
		};
		CD73B50A2FFA2C8B00048762 /* PBXContainerItemProxy */ = {
			isa = PBXContainerItemProxy;
			containerPortal = CD73B4E72FFA2C8700048762 /* Project object */;
			proxyType = 1;
			remoteGlobalIDString = CD73B4EE2FFA2C8800048762;
			remoteInfo = FitForm;
		};
/* End PBXContainerItemProxy section */

/* Begin PBXFileReference section */
		CD73B4EF2FFA2C8800048762 /* FitForm.app */ = {isa = PBXFileReference; explicitFileType = wrapper.application; includeInIndex = 0; path = FitForm.app; sourceTree = BUILT_PRODUCTS_DIR; };
		CD73B4FF2FFA2C8B00048762 /* FitFormTests.xctest */ = {isa = PBXFileReference; explicitFileType = wrapper.cfbundle; includeInIndex = 0; path = FitFormTests.xctest; sourceTree = BUILT_PRODUCTS_DIR; };
		CD73B5092FFA2C8B00048762 /* FitFormUITests.xctest */ = {isa = PBXFileReference; explicitFileType = wrapper.cfbundle; includeInIndex = 0; path = FitFormUITests.xctest; sourceTree = BUILT_PRODUCTS_DIR; };
/* End PBXFileReference section */

/* Begin PBXFileSystemSynchronizedRootGroup section */
		CD73B4F12FFA2C8800048762 /* FitForm */ = {
			isa = PBXFileSystemSynchronizedRootGroup;
			path = FitForm;
			sourceTree = "<group>";
		};
		CD73B5022FFA2C8B00048762 /* FitFormTests */ = {
			isa = PBXFileSystemSynchronizedRootGroup;
			path = FitFormTests;
			sourceTree = "<group>";
		};
		CD73B50C2FFA2C8B00048762 /* FitFormUITests */ = {
			isa = PBXFileSystemSynchronizedRootGroup;
			path = FitFormUITests;
			sourceTree = "<group>";
		};
/* End PBXFileSystemSynchronizedRootGroup section */

/* Begin PBXFrameworksBuildPhase section */
		CD73B4EC2FFA2C8800048762 /* Frameworks */ = {
			isa = PBXFrameworksBuildPhase;
			buildActionMask = 2147483647;
			files = (
			);
			runOnlyForDeploymentPostprocessing = 0;
		};
		CD73B4FC2FFA2C8B00048762 /* Frameworks */ = {
			isa = PBXFrameworksBuildPhase;
			buildActionMask = 2147483647;
			files = (
			);
			runOnlyForDeploymentPostprocessing = 0;
		};
		CD73B5062FFA2C8B00048762 /* Frameworks */ = {
			isa = PBXFrameworksBuildPhase;
			buildActionMask = 2147483647;
			files = (
			);
			runOnlyForDeploymentPostprocessing = 0;
		};
/* End PBXFrameworksBuildPhase section */

/* Begin PBXGroup section */
		CD73B4E62FFA2C8700048762 = {
			isa = PBXGroup;
			children = (
				CD73B4F12FFA2C8800048762 /* FitForm */,
				CD73B5022FFA2C8B00048762 /* FitFormTests */,
				CD73B50C2FFA2C8B00048762 /* FitFormUITests */,
				CD73B4F02FFA2C8800048762 /* Products */,
			);
			sourceTree = "<group>";
		};
		CD73B4F02FFA2C8800048762 /* Products */ = {
			isa = PBXGroup;
			children = (
				CD73B4EF2FFA2C8800048762 /* FitForm.app */,
				CD73B4FF2FFA2C8B00048762 /* FitFormTests.xctest */,
				CD73B5092FFA2C8B00048762 /* FitFormUITests.xctest */,
			);
			name = Products;
			sourceTree = "<group>";
		};
/* End PBXGroup section */

/* Begin PBXNativeTarget section */
		CD73B4EE2FFA2C8800048762 /* FitForm */ = {
			isa = PBXNativeTarget;
			buildConfigurationList = CD73B5132FFA2C8B00048762 /* Build configuration list for PBXNativeTarget "FitForm" */;
			buildPhases = (
				CD73B4EB2FFA2C8800048762 /* Sources */,
				CD73B4EC2FFA2C8800048762 /* Frameworks */,
				CD73B4ED2FFA2C8800048762 /* Resources */,
			);
			buildRules = (
			);
			dependencies = (
			);
			fileSystemSynchronizedGroups = (
				CD73B4F12FFA2C8800048762 /* FitForm */,
			);
			name = FitForm;
			packageProductDependencies = (
			);
			productName = FitForm;
			productReference = CD73B4EF2FFA2C8800048762 /* FitForm.app */;
			productType = "com.apple.product-type.application";
		};
		CD73B4FE2FFA2C8B00048762 /* FitFormTests */ = {
			isa = PBXNativeTarget;
			buildConfigurationList = CD73B5162FFA2C8B00048762 /* Build configuration list for PBXNativeTarget "FitFormTests" */;
			buildPhases = (
				CD73B4FB2FFA2C8B00048762 /* Sources */,
				CD73B4FC2FFA2C8B00048762 /* Frameworks */,
				CD73B4FD2FFA2C8B00048762 /* Resources */,
			);
			buildRules = (
			);
			dependencies = (
				CD73B5012FFA2C8B00048762 /* PBXTargetDependency */,
			);
			fileSystemSynchronizedGroups = (
				CD73B5022FFA2C8B00048762 /* FitFormTests */,
			);
			name = FitFormTests;
			packageProductDependencies = (
			);
			productName = FitFormTests;
			productReference = CD73B4FF2FFA2C8B00048762 /* FitFormTests.xctest */;
			productType = "com.apple.product-type.bundle.unit-test";
		};
		CD73B5082FFA2C8B00048762 /* FitFormUITests */ = {
			isa = PBXNativeTarget;
			buildConfigurationList = CD73B5192FFA2C8B00048762 /* Build configuration list for PBXNativeTarget "FitFormUITests" */;
			buildPhases = (
				CD73B5052FFA2C8B00048762 /* Sources */,
				CD73B5062FFA2C8B00048762 /* Frameworks */,
				CD73B5072FFA2C8B00048762 /* Resources */,
			);
			buildRules = (
			);
			dependencies = (
				CD73B50B2FFA2C8B00048762 /* PBXTargetDependency */,
			);
			fileSystemSynchronizedGroups = (
				CD73B50C2FFA2C8B00048762 /* FitFormUITests */,
			);
			name = FitFormUITests;
			packageProductDependencies = (
			);
			productName = FitFormUITests;
			productReference = CD73B5092FFA2C8B00048762 /* FitFormUITests.xctest */;
			productType = "com.apple.product-type.bundle.ui-testing";
		};
/* End PBXNativeTarget section */

/* Begin PBXProject section */
		CD73B4E72FFA2C8700048762 /* Project object */ = {
			isa = PBXProject;
			attributes = {
				BuildIndependentTargetsInParallel = 1;
				LastSwiftUpdateCheck = 1620;
				LastUpgradeCheck = 1620;
				TargetAttributes = {
					CD73B4EE2FFA2C8800048762 = {
						CreatedOnToolsVersion = 16.2;
					};
					CD73B4FE2FFA2C8B00048762 = {
						CreatedOnToolsVersion = 16.2;
						TestTargetID = CD73B4EE2FFA2C8800048762;
					};
					CD73B5082FFA2C8B00048762 = {
						CreatedOnToolsVersion = 16.2;
						TestTargetID = CD73B4EE2FFA2C8800048762;
					};
				};
			};
			buildConfigurationList = CD73B4EA2FFA2C8700048762 /* Build configuration list for PBXProject "FitForm" */;
			developmentRegion = en;
			hasScannedForEncodings = 0;
			knownRegions = (
				en,
				Base,
			);
			mainGroup = CD73B4E62FFA2C8700048762;
			minimizedProjectReferenceProxies = 1;
			preferredProjectObjectVersion = 77;
			productRefGroup = CD73B4F02FFA2C8800048762 /* Products */;
			projectDirPath = "";
			projectRoot = "";
			targets = (
				CD73B4EE2FFA2C8800048762 /* FitForm */,
				CD73B4FE2FFA2C8B00048762 /* FitFormTests */,
				CD73B5082FFA2C8B00048762 /* FitFormUITests */,
			);
		};
/* End PBXProject section */

/* Begin PBXResourcesBuildPhase section */
		CD73B4ED2FFA2C8800048762 /* Resources */ = {
			isa = PBXResourcesBuildPhase;
			buildActionMask = 2147483647;
			files = (
			);
			runOnlyForDeploymentPostprocessing = 0;
		};
		CD73B4FD2FFA2C8B00048762 /* Resources */ = {
			isa = PBXResourcesBuildPhase;
			buildActionMask = 2147483647;
			files = (
			);
			runOnlyForDeploymentPostprocessing = 0;
		};
		CD73B5072FFA2C8B00048762 /* Resources */ = {
			isa = PBXResourcesBuildPhase;
			buildActionMask = 2147483647;
			files = (
			);
			runOnlyForDeploymentPostprocessing = 0;
		};
/* End PBXResourcesBuildPhase section */

/* Begin PBXSourcesBuildPhase section */
		CD73B4EB2FFA2C8800048762 /* Sources */ = {
			isa = PBXSourcesBuildPhase;
			buildActionMask = 2147483647;
			files = (
			);
			runOnlyForDeploymentPostprocessing = 0;
		};
		CD73B4FB2FFA2C8B00048762 /* Sources */ = {
			isa = PBXSourcesBuildPhase;
			buildActionMask = 2147483647;
			files = (
			);
			runOnlyForDeploymentPostprocessing = 0;
		};
		CD73B5052FFA2C8B00048762 /* Sources */ = {
			isa = PBXSourcesBuildPhase;
			buildActionMask = 2147483647;
			files = (
			);
			runOnlyForDeploymentPostprocessing = 0;
		};
/* End PBXSourcesBuildPhase section */

/* Begin PBXTargetDependency section */
		CD73B5012FFA2C8B00048762 /* PBXTargetDependency */ = {
			isa = PBXTargetDependency;
			target = CD73B4EE2FFA2C8800048762 /* FitForm */;
			targetProxy = CD73B5002FFA2C8B00048762 /* PBXContainerItemProxy */;
		};
		CD73B50B2FFA2C8B00048762 /* PBXTargetDependency */ = {
			isa = PBXTargetDependency;
			target = CD73B4EE2FFA2C8800048762 /* FitForm */;
			targetProxy = CD73B50A2FFA2C8B00048762 /* PBXContainerItemProxy */;
		};
/* End PBXTargetDependency section */

/* Begin XCBuildConfiguration section */
		CD73B5112FFA2C8B00048762 /* Debug */ = {
			isa = XCBuildConfiguration;
			buildSettings = {
				ALWAYS_SEARCH_USER_PATHS = NO;
				ASSETCATALOG_COMPILER_GENERATE_SWIFT_ASSET_SYMBOL_EXTENSIONS = YES;
				CLANG_ANALYZER_NONNULL = YES;
				CLANG_ANALYZER_NUMBER_OBJECT_CONVERSION = YES_AGGRESSIVE;
				CLANG_CXX_LANGUAGE_STANDARD = "gnu++20";
				CLANG_ENABLE_MODULES = YES;
				CLANG_ENABLE_OBJC_ARC = YES;
				CLANG_ENABLE_OBJC_WEAK = YES;
				CLANG_WARN_BLOCK_CAPTURE_AUTORELEASING = YES;
				CLANG_WARN_BOOL_CONVERSION = YES;
				CLANG_WARN_COMMA = YES;
				CLANG_WARN_CONSTANT_CONVERSION = YES;
				CLANG_WARN_DEPRECATED_OBJC_IMPLEMENTATIONS = YES;
				CLANG_WARN_DIRECT_OBJC_ISA_USAGE = YES_ERROR;
				CLANG_WARN_DOCUMENTATION_COMMENTS = YES;
				CLANG_WARN_EMPTY_BODY = YES;
				CLANG_WARN_ENUM_CONVERSION = YES;
				CLANG_WARN_INFINITE_RECURSION = YES;
				CLANG_WARN_INT_CONVERSION = YES;
				CLANG_WARN_NON_LITERAL_NULL_CONVERSION = YES;
				CLANG_WARN_OBJC_IMPLICIT_RETAIN_SELF = YES;
				CLANG_WARN_OBJC_LITERAL_CONVERSION = YES;
				CLANG_WARN_OBJC_ROOT_CLASS = YES_ERROR;
				CLANG_WARN_QUOTED_INCLUDE_IN_FRAMEWORK_HEADER = YES;
				CLANG_WARN_RANGE_LOOP_ANALYSIS = YES;
				CLANG_WARN_STRICT_PROTOTYPES = YES;
				CLANG_WARN_SUSPICIOUS_MOVE = YES;
				CLANG_WARN_UNGUARDED_AVAILABILITY = YES_AGGRESSIVE;
				CLANG_WARN_UNREACHABLE_CODE = YES;
				CLANG_WARN__DUPLICATE_METHOD_MATCH = YES;
				COPY_PHASE_STRIP = NO;
				DEBUG_INFORMATION_FORMAT = dwarf;
				ENABLE_STRICT_OBJC_MSGSEND = YES;
				ENABLE_TESTABILITY = YES;
				ENABLE_USER_SCRIPT_SANDBOXING = YES;
				GCC_C_LANGUAGE_STANDARD = gnu17;
				GCC_DYNAMIC_NO_PIC = NO;
				GCC_NO_COMMON_BLOCKS = YES;
				GCC_OPTIMIZATION_LEVEL = 0;
				GCC_PREPROCESSOR_DEFINITIONS = (
					"DEBUG=1",
					"$(inherited)",
				);
				GCC_WARN_64_TO_32_BIT_CONVERSION = YES;
				GCC_WARN_ABOUT_RETURN_TYPE = YES_ERROR;
				GCC_WARN_UNDECLARED_SELECTOR = YES;
				GCC_WARN_UNINITIALIZED_AUTOS = YES_AGGRESSIVE;
				GCC_WARN_UNUSED_FUNCTION = YES;
				GCC_WARN_UNUSED_VARIABLE = YES;
				IPHONEOS_DEPLOYMENT_TARGET = 17.2;
				LOCALIZATION_PREFERS_STRING_CATALOGS = YES;
				MTL_ENABLE_DEBUG_INFO = INCLUDE_SOURCE;
				MTL_FAST_MATH = YES;
				ONLY_ACTIVE_ARCH = YES;
				SDKROOT = iphoneos;
				SWIFT_ACTIVE_COMPILATION_CONDITIONS = "DEBUG $(inherited)";
				SWIFT_OPTIMIZATION_LEVEL = "-Onone";
			};
			name = Debug;
		};
		CD73B5122FFA2C8B00048762 /* Release */ = {
			isa = XCBuildConfiguration;
			buildSettings = {
				ALWAYS_SEARCH_USER_PATHS = NO;
				ASSETCATALOG_COMPILER_GENERATE_SWIFT_ASSET_SYMBOL_EXTENSIONS = YES;
				CLANG_ANALYZER_NONNULL = YES;
				CLANG_ANALYZER_NUMBER_OBJECT_CONVERSION = YES_AGGRESSIVE;
				CLANG_CXX_LANGUAGE_STANDARD = "gnu++20";
				CLANG_ENABLE_MODULES = YES;
				CLANG_ENABLE_OBJC_ARC = YES;
				CLANG_ENABLE_OBJC_WEAK = YES;
				CLANG_WARN_BLOCK_CAPTURE_AUTORELEASING = YES;
				CLANG_WARN_BOOL_CONVERSION = YES;
				CLANG_WARN_COMMA = YES;
				CLANG_WARN_CONSTANT_CONVERSION = YES;
				CLANG_WARN_DEPRECATED_OBJC_IMPLEMENTATIONS = YES;
				CLANG_WARN_DIRECT_OBJC_ISA_USAGE = YES_ERROR;
				CLANG_WARN_DOCUMENTATION_COMMENTS = YES;
				CLANG_WARN_EMPTY_BODY = YES;
				CLANG_WARN_ENUM_CONVERSION = YES;
				CLANG_WARN_INFINITE_RECURSION = YES;
				CLANG_WARN_INT_CONVERSION = YES;
				CLANG_WARN_NON_LITERAL_NULL_CONVERSION = YES;
				CLANG_WARN_OBJC_IMPLICIT_RETAIN_SELF = YES;
				CLANG_WARN_OBJC_LITERAL_CONVERSION = YES;
				CLANG_WARN_OBJC_ROOT_CLASS = YES_ERROR;
				CLANG_WARN_QUOTED_INCLUDE_IN_FRAMEWORK_HEADER = YES;
				CLANG_WARN_RANGE_LOOP_ANALYSIS = YES;
				CLANG_WARN_STRICT_PROTOTYPES = YES;
				CLANG_WARN_SUSPICIOUS_MOVE = YES;
				CLANG_WARN_UNGUARDED_AVAILABILITY = YES_AGGRESSIVE;
				CLANG_WARN_UNREACHABLE_CODE = YES;
				CLANG_WARN__DUPLICATE_METHOD_MATCH = YES;
				COPY_PHASE_STRIP = NO;
				DEBUG_INFORMATION_FORMAT = "dwarf-with-dsym";
				ENABLE_NS_ASSERTIONS = NO;
				ENABLE_STRICT_OBJC_MSGSEND = YES;
				ENABLE_USER_SCRIPT_SANDBOXING = YES;
				GCC_C_LANGUAGE_STANDARD = gnu17;
				GCC_NO_COMMON_BLOCKS = YES;
				GCC_WARN_64_TO_32_BIT_CONVERSION = YES;
				GCC_WARN_ABOUT_RETURN_TYPE = YES_ERROR;
				GCC_WARN_UNDECLARED_SELECTOR = YES;
				GCC_WARN_UNINITIALIZED_AUTOS = YES_AGGRESSIVE;
				GCC_WARN_UNUSED_FUNCTION = YES;
				GCC_WARN_UNUSED_VARIABLE = YES;
				IPHONEOS_DEPLOYMENT_TARGET = 17.2;
				LOCALIZATION_PREFERS_STRING_CATALOGS = YES;
				MTL_ENABLE_DEBUG_INFO = NO;
				MTL_FAST_MATH = YES;
				SDKROOT = iphoneos;
				SWIFT_COMPILATION_MODE = wholemodule;
				VALIDATE_PRODUCT = YES;
			};
			name = Release;
		};
		CD73B5142FFA2C8B00048762 /* Debug */ = {
			isa = XCBuildConfiguration;
			buildSettings = {
				ASSETCATALOG_COMPILER_APPICON_NAME = AppIcon;
				ASSETCATALOG_COMPILER_GLOBAL_ACCENT_COLOR_NAME = AccentColor;
				CODE_SIGN_STYLE = Automatic;
				CURRENT_PROJECT_VERSION = 1;
				DEVELOPMENT_ASSET_PATHS = "\"FitForm/Preview Content\"";
				DEVELOPMENT_TEAM = 63HF4RL56Q;
				ENABLE_PREVIEWS = YES;
				GENERATE_INFOPLIST_FILE = YES;
				INFOPLIST_KEY_UIApplicationSceneManifest_Generation = YES;
				INFOPLIST_KEY_UIApplicationSupportsIndirectInputEvents = YES;
				INFOPLIST_KEY_UILaunchScreen_Generation = YES;
				INFOPLIST_KEY_UISupportedInterfaceOrientations_iPad = "UIInterfaceOrientationPortrait UIInterfaceOrientationPortraitUpsideDown UIInterfaceOrientationLandscapeLeft UIInterfaceOrientationLandscapeRight";
				INFOPLIST_KEY_UISupportedInterfaceOrientations_iPhone = "UIInterfaceOrientationPortrait UIInterfaceOrientationLandscapeLeft UIInterfaceOrientationLandscapeRight";
				LD_RUNPATH_SEARCH_PATHS = (
					"$(inherited)",
					"@executable_path/Frameworks",
				);
				MARKETING_VERSION = 1.0;
				PRODUCT_BUNDLE_IDENTIFIER = com.nandininema.FitForm;
				PRODUCT_NAME = "$(TARGET_NAME)";
				SWIFT_EMIT_LOC_STRINGS = YES;
				SWIFT_VERSION = 5.0;
				TARGETED_DEVICE_FAMILY = "1,2";
			};
			name = Debug;
		};
		CD73B5152FFA2C8B00048762 /* Release */ = {
			isa = XCBuildConfiguration;
			buildSettings = {
				ASSETCATALOG_COMPILER_APPICON_NAME = AppIcon;
				ASSETCATALOG_COMPILER_GLOBAL_ACCENT_COLOR_NAME = AccentColor;
				CODE_SIGN_STYLE = Automatic;
				CURRENT_PROJECT_VERSION = 1;
				DEVELOPMENT_ASSET_PATHS = "\"FitForm/Preview Content\"";
				DEVELOPMENT_TEAM = 63HF4RL56Q;
				ENABLE_PREVIEWS = YES;
				GENERATE_INFOPLIST_FILE = YES;
				INFOPLIST_KEY_UIApplicationSceneManifest_Generation = YES;
				INFOPLIST_KEY_UIApplicationSupportsIndirectInputEvents = YES;
				INFOPLIST_KEY_UILaunchScreen_Generation = YES;
				INFOPLIST_KEY_UISupportedInterfaceOrientations_iPad = "UIInterfaceOrientationPortrait UIInterfaceOrientationPortraitUpsideDown UIInterfaceOrientationLandscapeLeft UIInterfaceOrientationLandscapeRight";
				INFOPLIST_KEY_UISupportedInterfaceOrientations_iPhone = "UIInterfaceOrientationPortrait UIInterfaceOrientationLandscapeLeft UIInterfaceOrientationLandscapeRight";
				LD_RUNPATH_SEARCH_PATHS = (
					"$(inherited)",
					"@executable_path/Frameworks",
				);
				MARKETING_VERSION = 1.0;
				PRODUCT_BUNDLE_IDENTIFIER = com.nandininema.FitForm;
				PRODUCT_NAME = "$(TARGET_NAME)";
				SWIFT_EMIT_LOC_STRINGS = YES;
				SWIFT_VERSION = 5.0;
				TARGETED_DEVICE_FAMILY = "1,2";
			};
			name = Release;
		};
		CD73B5172FFA2C8B00048762 /* Debug */ = {
			isa = XCBuildConfiguration;
			buildSettings = {
				BUNDLE_LOADER = "$(TEST_HOST)";
				CODE_SIGN_STYLE = Automatic;
				CURRENT_PROJECT_VERSION = 1;
				DEVELOPMENT_TEAM = 63HF4RL56Q;
				GENERATE_INFOPLIST_FILE = YES;
				IPHONEOS_DEPLOYMENT_TARGET = 17.2;
				MARKETING_VERSION = 1.0;
				PRODUCT_BUNDLE_IDENTIFIER = com.nandininema.FitFormTests;
				PRODUCT_NAME = "$(TARGET_NAME)";
				SWIFT_EMIT_LOC_STRINGS = NO;
				SWIFT_VERSION = 5.0;
				TARGETED_DEVICE_FAMILY = "1,2";
				TEST_HOST = "$(BUILT_PRODUCTS_DIR)/FitForm.app/$(BUNDLE_EXECUTABLE_FOLDER_PATH)/FitForm";
			};
			name = Debug;
		};
		CD73B5182FFA2C8B00048762 /* Release */ = {
			isa = XCBuildConfiguration;
			buildSettings = {
				BUNDLE_LOADER = "$(TEST_HOST)";
				CODE_SIGN_STYLE = Automatic;
				CURRENT_PROJECT_VERSION = 1;
				DEVELOPMENT_TEAM = 63HF4RL56Q;
				GENERATE_INFOPLIST_FILE = YES;
				IPHONEOS_DEPLOYMENT_TARGET = 17.2;
				MARKETING_VERSION = 1.0;
				PRODUCT_BUNDLE_IDENTIFIER = com.nandininema.FitFormTests;
				PRODUCT_NAME = "$(TARGET_NAME)";
				SWIFT_EMIT_LOC_STRINGS = NO;
				SWIFT_VERSION = 5.0;
				TARGETED_DEVICE_FAMILY = "1,2";
				TEST_HOST = "$(BUILT_PRODUCTS_DIR)/FitForm.app/$(BUNDLE_EXECUTABLE_FOLDER_PATH)/FitForm";
			};
			name = Release;
		};
		CD73B51A2FFA2C8B00048762 /* Debug */ = {
			isa = XCBuildConfiguration;
			buildSettings = {
				CODE_SIGN_STYLE = Automatic;
				CURRENT_PROJECT_VERSION = 1;
				DEVELOPMENT_TEAM = 63HF4RL56Q;
				GENERATE_INFOPLIST_FILE = YES;
				MARKETING_VERSION = 1.0;
				PRODUCT_BUNDLE_IDENTIFIER = com.nandininema.FitFormUITests;
				PRODUCT_NAME = "$(TARGET_NAME)";
				SWIFT_EMIT_LOC_STRINGS = NO;
				SWIFT_VERSION = 5.0;
				TARGETED_DEVICE_FAMILY = "1,2";
				TEST_TARGET_NAME = FitForm;
			};
			name = Debug;
		};
		CD73B51B2FFA2C8B00048762 /* Release */ = {
			isa = XCBuildConfiguration;
			buildSettings = {
				CODE_SIGN_STYLE = Automatic;
				CURRENT_PROJECT_VERSION = 1;
				DEVELOPMENT_TEAM = 63HF4RL56Q;
				GENERATE_INFOPLIST_FILE = YES;
				MARKETING_VERSION = 1.0;
				PRODUCT_BUNDLE_IDENTIFIER = com.nandininema.FitFormUITests;
				PRODUCT_NAME = "$(TARGET_NAME)";
				SWIFT_EMIT_LOC_STRINGS = NO;
				SWIFT_VERSION = 5.0;
				TARGETED_DEVICE_FAMILY = "1,2";
				TEST_TARGET_NAME = FitForm;
			};
			name = Release;
		};
/* End XCBuildConfiguration section */

/* Begin XCConfigurationList section */
		CD73B4EA2FFA2C8700048762 /* Build configuration list for PBXProject "FitForm" */ = {
			isa = XCConfigurationList;
			buildConfigurations = (
				CD73B5112FFA2C8B00048762 /* Debug */,
				CD73B5122FFA2C8B00048762 /* Release */,
			);
			defaultConfigurationIsVisible = 0;
			defaultConfigurationName = Release;
		};
		CD73B5132FFA2C8B00048762 /* Build configuration list for PBXNativeTarget "FitForm" */ = {
			isa = XCConfigurationList;
			buildConfigurations = (
				CD73B5142FFA2C8B00048762 /* Debug */,
				CD73B5152FFA2C8B00048762 /* Release */,
			);
			defaultConfigurationIsVisible = 0;
			defaultConfigurationName = Release;
		};
		CD73B5162FFA2C8B00048762 /* Build configuration list for PBXNativeTarget "FitFormTests" */ = {
			isa = XCConfigurationList;
			buildConfigurations = (
				CD73B5172FFA2C8B00048762 /* Debug */,
				CD73B5182FFA2C8B00048762 /* Release */,
			);
			defaultConfigurationIsVisible = 0;
			defaultConfigurationName = Release;
		};
		CD73B5192FFA2C8B00048762 /* Build configuration list for PBXNativeTarget "FitFormUITests" */ = {
			isa = XCConfigurationList;
			buildConfigurations = (
				CD73B51A2FFA2C8B00048762 /* Debug */,
				CD73B51B2FFA2C8B00048762 /* Release */,
			);
			defaultConfigurationIsVisible = 0;
			defaultConfigurationName = Release;
		};
/* End XCConfigurationList section */
	};
	rootObject = CD73B4E72FFA2C8700048762 /* Project object */;
}
